
Microsoft Visual Studio Solution File, Format Version 12.00
# Visual Studio Version 17
VisualStudioVersion = 17.4.33205.214
MinimumVisualStudioVersion = 10.0.40219.1
Project("{FAE04EC0-301F-11D3-BF4B-00C04F79EFBC}") = "Client", "Client\Client.csproj", "{3F51231E-7793-481B-8B92-83C3A15FF1D2}"
EndProject
Project("{FAE04EC0-301F-11D3-BF4B-00C04F79EFBC}") = "Server", "Server\Server.csproj", "{BD75174B-4768-43BB-8F2F-D05C018AB874}"
EndProject
Project("{FAE04EC0-301F-11D3-BF4B-00C04F79EFBC}") = "RemoteSharedTCP", "RemoteSharedTCP\RemoteSharedTCP.csproj", "{F9952679-AF9C-4E46-BE05-69BF66097274}"
EndProject
Project("{FAE04EC0-301F-11D3-BF4B-00C04F79EFBC}") = "RemoteSharedHTTP", "RemoteSharedHTTP\RemoteSharedHTTP.csproj", "{4FABE6C6-4D5A-46D2-ABCE-B1B2AD44EF95}"
EndProject
Project("{FAE04EC0-301F-11D3-BF4B-00C04F79EFBC}") = "DataBaseConnection", "DataBaseConnection\DataBaseConnection.csproj", "{853AB543-A5F3-4DE2-B549-9F776B77FB17}"
EndProject
Global
	GlobalSection(SolutionConfigurationPlatforms) = preSolution
		Debug|Any CPU = Debug|Any CPU
		Debug|x64 = Debug|x64
		Release|Any CPU = Release|Any CPU
		Release|x64 = Release|x64
	EndGlobalSection
	GlobalSection(ProjectConfigurationPlatforms) = postSolution
		{3F51231E-7793-481B-8B92-83C3A15FF1D2}.Debug|Any CPU.ActiveCfg = Debug|Any CPU
		{3F51231E-7793-481B-8B92-83C3A15FF1D2}.Debug|Any CPU.Build.0 = Debug|Any CPU
		{3F51231E-7793-481B-8B92-83C3A15FF1D2}.Debug|x64.ActiveCfg = Debug|x64
		{3F51231E-7793-481B-8B92-83C3A15FF1D2}.Debug|x64.Build.0 = Debug|x64
		{3F51231E-7793-481B-8B92-83C3A15FF1D2}.Release|Any CPU.ActiveCfg = Release|Any CPU
		{3F51231E-7793-481B-8B92-83C3A15FF1D2}.Release|Any CPU.Build.0 = Release|Any CPU
		{3F51231E-7793-481B-8B92-83C3A15FF1D2}.Release|x64.ActiveCfg = Release|x64
		{3F51231E-7793-481B-8B92-83C3A15FF1D2}.Release|x64.Build.0 = Release|x64
		{BD75174B-4768-43BB-8F2F-D05C018AB874}.Debug|Any CPU.ActiveCfg = Debug|Any CPU
		{BD75174B-4768-43BB-8F2F-D05C018AB874}.Debug|Any CPU.Build.0 = Debug|Any CPU
		{BD75174B-4768-43BB-8F2F-D05C018AB874}.Debug|x64.ActiveCfg = Debug|x64
		{BD75174B-4768-43BB-8F2F-D05C018AB874}.Debug|x64.Build.0 = Debug|x64
		{BD75174B-4768-43BB-8F2F-D05C018AB874}.Release|Any CPU.ActiveCfg = Release|Any CPU
		{BD75174B-4768-43BB-8F2F-D05C018AB874}.Release|Any CPU.Build.0 = Release|Any CPU
		{BD75174B-4768-43BB-8F2F-D05C018AB874}.Release|x64.ActiveCfg = Release|x64
		{BD75174B-4768-43BB-8F2F-D05C018AB874}.Release|x64.Build.0 = Release|x64
		{F9952679-AF9C-4E46-BE05-69BF66097274}.Debug|Any CPU.ActiveCfg = Debug|Any CPU
		{F9952679-AF9C-4E46-BE05-69BF66097274}.Debug|Any CPU.Build.0 = Debug|Any CPU
		{F9952679-AF9C-4E46-BE05-69BF66097274}.Debug|x64.ActiveCfg = Debug|x64
		{F9952679-AF9C-4E46-BE05-69BF66097274}.Debug|x64.Build.0 = Debug|x64
		{F9952679-AF9C-4E46-BE05-69BF66097274}.Release|Any CPU.ActiveCfg = Release|Any CPU
		{F9952679-AF9C-4E46-BE05-69BF66097274}.Release|Any CPU.Build.0 = Release|Any CPU
		{F9952679-AF9C-4E46-BE05-69BF66097274}.Release|x64.ActiveCfg = Release|x64
		{F9952679-AF9C-4E46-BE05-69BF66097274}.Release|x64.Build.0 = Release|x64
		{4FABE6C6-4D5A-46D2-ABCE-B1B2AD44EF95}.Debug|Any CPU.ActiveCfg = Debug|Any CPU
		{4FABE6C6-4D5A-46D2-ABCE-B1B2AD44EF95}.Debug|Any CPU.Build.0 = Debug|Any CPU
		{4FABE6C6-4D5A-46D2-ABCE-B1B2AD44EF95}.Debug|x64.ActiveCfg = Debug|x64
		{4FABE6C6-4D5A-46D2-ABCE-B1B2AD44EF95}.Debug|x64.Build.0 = Debug|x64
		{4FABE6C6-4D5A-46D2-ABCE-B1B2AD44EF95}.Release|Any CPU.ActiveCfg = Release|Any CPU
		{4FABE6C6-4D5A-46D2-ABCE-B1B2AD44EF95}.Release|Any CPU.Build.0 = Release|Any CPU
		{4FABE6C6-4D5A-46D2-ABCE-B1B2AD44EF95}.Release|x64.ActiveCfg = Release|x64
		{4FABE6C6-4D5A-46D2-ABCE-B1B2AD44EF95}.Release|x64.Build.0 = Release|x64
		{853AB543-A5F3-4DE2-B549-9F776B77FB17}.Debug|Any CPU.ActiveCfg = Debug|Any CPU
		{853AB543-A5F3-4DE2-B549-9F776B77FB17}.Debug|Any CPU.Build.0 = Debug|Any CPU
		{853AB543-A5F3-4DE2-B549-9F776B77FB17}.Debug|x64.ActiveCfg = Debug|x64
		{853AB543-A5F3-4DE2-B549-9F776B77FB17}.Debug|x64.Build.0 = Debug|x64
		{853AB543-A5F3-4DE2-B549-9F776B77FB17}.Release|Any CPU.ActiveCfg = Release|Any CPU
		{853AB543-A5F3-4DE2-B549-9F776B77FB17}.Release|Any CPU.Build.0 = Release|Any CPU
		{853AB543-A5F3-4DE2-B549-9F776B77FB17}.Release|x64.ActiveCfg = Release|x64
		{853AB543-A5F3-4DE2-B549-9F776B77FB17}.Release|x64.Build.0 = Release|x64
	EndGlobalSection
	GlobalSection(SolutionProperties) = preSolution
		HideSolutionNode = FALSE
	EndGlobalSection
	GlobalSection(ExtensibilityGlobals) = postSolution
		SolutionGuid = {F08D82BA-1C48-4B5A-94CC-F526C6172C2D}
	EndGlobalSection
EndGlobal
